// !$*UTF8*$!
{
	archiveVersion = 1;
	classes = {
	};
	objectVersion = 46;
	objects = {

/* Begin PBXBuildFile section */
		2DA3D5E01580962400B07E76 /* AsyncHttpRequest.cpp in Sources */ = {isa = PBXBuildFile; fileRef = 2DA3D5D61580962400B07E76 /* AsyncHttpRequest.cpp */; };
		2DA3D5E11580962400B07E76 /* AsyncHttpRequest.h in Headers */ = {isa = PBXBuildFile; fileRef = 2DA3D5D91580962400B07E76 /* AsyncHttpRequest.h */; };
		2DA3D5E21580962400B07E76 /* Common.h in Headers */ = {isa = PBXBuildFile; fileRef = 2DA3D5DA1580962400B07E76 /* Common.h */; };
		2DA3D5E31580962400B07E76 /* Mutex.h in Headers */ = {isa = PBXBuildFile; fileRef = 2DA3D5DB1580962400B07E76 /* Mutex.h */; };
		2DA3D5E41580962400B07E76 /* Thread.h in Headers */ = {isa = PBXBuildFile; fileRef = 2DA3D5DC1580962400B07E76 /* Thread.h */; };
		2DA3D5E51580962400B07E76 /* Mutex.cpp in Sources */ = {isa = PBXBuildFile; fileRef = 2DA3D5DE1580962400B07E76 /* Mutex.cpp */; };
		2DA3D5E61580962400B07E76 /* Thread.cpp in Sources */ = {isa = PBXBuildFile; fileRef = 2DA3D5DF1580962400B07E76 /* Thread.cpp */; };
		2DA3D5EC1580966800B07E76 /* cJSON.c in Sources */ = {isa = PBXBuildFile; fileRef = 2DA3D5E81580966800B07E76 /* cJSON.c */; };
		2DA3D5ED1580966800B07E76 /* cJSON.h in Headers */ = {isa = PBXBuildFile; fileRef = 2DA3D5E91580966800B07E76 /* cJSON.h */; };
		2DA3D5EE1580966800B07E76 /* md5.cpp in Sources */ = {isa = PBXBuildFile; fileRef = 2DA3D5EA1580966800B07E76 /* md5.cpp */; };
		2DA3D5EF1580966800B07E76 /* md5.h in Headers */ = {isa = PBXBuildFile; fileRef = 2DA3D5EB1580966800B07E76 /* md5.h */; };
		90ABF1CB1574E721001F0F06 /* Foundation.framework in Frameworks */ = {isa = PBXBuildFile; fileRef = 90ABF1CA1574E721001F0F06 /* Foundation.framework */; };
/* End PBXBuildFile section */

/* Begin PBXFileReference section */
		2DA3D5D61580962400B07E76 /* AsyncHttpRequest.cpp */ = {isa = PBXFileReference; fileEncoding = 4; lastKnownFileType = sourcecode.cpp.cpp; path = AsyncHttpRequest.cpp; sourceTree = "<group>"; };
		2DA3D5D91580962400B07E76 /* AsyncHttpRequest.h */ = {isa = PBXFileReference; fileEncoding = 4; lastKnownFileType = sourcecode.c.h; name = AsyncHttpRequest.h; path = ../include/ThreadCurl/AsyncHttpRequest.h; sourceTree = "<group>"; };
		2DA3D5DA1580962400B07E76 /* Common.h */ = {isa = PBXFileReference; fileEncoding = 4; lastKnownFileType = sourcecode.c.h; name = Common.h; path = ../include/ThreadCurl/Common.h; sourceTree = "<group>"; };
		2DA3D5DB1580962400B07E76 /* Mutex.h */ = {isa = PBXFileReference; fileEncoding = 4; lastKnownFileType = sourcecode.c.h; name = Mutex.h; path = ../include/ThreadCurl/Mutex.h; sourceTree = "<group>"; };
		2DA3D5DC1580962400B07E76 /* Thread.h */ = {isa = PBXFileReference; fileEncoding = 4; lastKnownFileType = sourcecode.c.h; name = Thread.h; path = ../include/ThreadCurl/Thread.h; sourceTree = "<group>"; };
		2DA3D5DE1580962400B07E76 /* Mutex.cpp */ = {isa = PBXFileReference; fileEncoding = 4; lastKnownFileType = sourcecode.cpp.cpp; path = Mutex.cpp; sourceTree = "<group>"; };
		2DA3D5DF1580962400B07E76 /* Thread.cpp */ = {isa = PBXFileReference; fileEncoding = 4; lastKnownFileType = sourcecode.cpp.cpp; path = Thread.cpp; sourceTree = "<group>"; };
		2DA3D5E81580966800B07E76 /* cJSON.c */ = {isa = PBXFileReference; fileEncoding = 4; lastKnownFileType = sourcecode.c.c; name = cJSON.c; path = support/cJSON.c; sourceTree = "<group>"; };
		2DA3D5E91580966800B07E76 /* cJSON.h */ = {isa = PBXFileReference; fileEncoding = 4; lastKnownFileType = sourcecode.c.h; name = cJSON.h; path = support/cJSON.h; sourceTree = "<group>"; };
		2DA3D5EA1580966800B07E76 /* md5.cpp */ = {isa = PBXFileReference; fileEncoding = 4; lastKnownFileType = sourcecode.cpp.cpp; name = md5.cpp; path = support/md5.cpp; sourceTree = "<group>"; };
		2DA3D5EB1580966800B07E76 /* md5.h */ = {isa = PBXFileReference; fileEncoding = 4; lastKnownFileType = sourcecode.c.h; name = md5.h; path = support/md5.h; sourceTree = "<group>"; };
		90ABF1C71574E721001F0F06 /* libThreadCurl.a */ = {isa = PBXFileReference; explicitFileType = archive.ar; includeInIndex = 0; path = libThreadCurl.a; sourceTree = BUILT_PRODUCTS_DIR; };
		90ABF1CA1574E721001F0F06 /* Foundation.framework */ = {isa = PBXFileReference; lastKnownFileType = wrapper.framework; name = Foundation.framework; path = System/Library/Frameworks/Foundation.framework; sourceTree = SDKROOT; };
		90ABF1D81574E721001F0F06 /* SenTestingKit.framework */ = {isa = PBXFileReference; lastKnownFileType = wrapper.framework; name = SenTestingKit.framework; path = Library/Frameworks/SenTestingKit.framework; sourceTree = DEVELOPER_DIR; };
		90ABF1DA1574E721001F0F06 /* UIKit.framework */ = {isa = PBXFileReference; lastKnownFileType = wrapper.framework; name = UIKit.framework; path = Library/Frameworks/UIKit.framework; sourceTree = DEVELOPER_DIR; };
/* End PBXFileReference section */

/* Begin PBXFrameworksBuildPhase section */
		90ABF1C41574E721001F0F06 /* Frameworks */ = {
			isa = PBXFrameworksBuildPhase;
			buildActionMask = 2147483647;
			files = (
				90ABF1CB1574E721001F0F06 /* Foundation.framework in Frameworks */,
			);
			runOnlyForDeploymentPostprocessing = 0;
		};
/* End PBXFrameworksBuildPhase section */

/* Begin PBXGroup section */
		2DA3D5D51580962400B07E76 /* HttpRequest */ = {
			isa = PBXGroup;
			children = (
				2DA3D5D91580962400B07E76 /* AsyncHttpRequest.h */,
				2DA3D5D61580962400B07E76 /* AsyncHttpRequest.cpp */,
			);
			path = HttpRequest;
			sourceTree = "<group>";
		};
		2DA3D5DD1580962400B07E76 /* posixthread */ = {
			isa = PBXGroup;
			children = (
				2DA3D5DA1580962400B07E76 /* Common.h */,
				2DA3D5DB1580962400B07E76 /* Mutex.h */,
				2DA3D5DC1580962400B07E76 /* Thread.h */,
				2DA3D5DE1580962400B07E76 /* Mutex.cpp */,
				2DA3D5DF1580962400B07E76 /* Thread.cpp */,
			);
			path = posixthread;
			sourceTree = "<group>";
		};
		2DA3D5E71580965A00B07E76 /* Support */ = {
			isa = PBXGroup;
			children = (
				2DA3D5E81580966800B07E76 /* cJSON.c */,
				2DA3D5E91580966800B07E76 /* cJSON.h */,
				2DA3D5EA1580966800B07E76 /* md5.cpp */,
				2DA3D5EB1580966800B07E76 /* md5.h */,
			);
			name = Support;
			sourceTree = "<group>";
		};
		90ABF1BC1574E721001F0F06 = {
			isa = PBXGroup;
			children = (
				2DA3D5E71580965A00B07E76 /* Support */,
				90ABF1CC1574E721001F0F06 /* ThreadCurl */,
				90ABF1C91574E721001F0F06 /* Frameworks */,
				90ABF1C81574E721001F0F06 /* Products */,
			);
			sourceTree = "<group>";
		};
		90ABF1C81574E721001F0F06 /* Products */ = {
			isa = PBXGroup;
			children = (
				90ABF1C71574E721001F0F06 /* libThreadCurl.a */,
			);
			name = Products;
			sourceTree = "<group>";
		};
		90ABF1C91574E721001F0F06 /* Frameworks */ = {
			isa = PBXGroup;
			children = (
				90ABF1CA1574E721001F0F06 /* Foundation.framework */,
				90ABF1D81574E721001F0F06 /* SenTestingKit.framework */,
				90ABF1DA1574E721001F0F06 /* UIKit.framework */,
			);
			name = Frameworks;
			sourceTree = "<group>";
		};
		90ABF1CC1574E721001F0F06 /* ThreadCurl */ = {
			isa = PBXGroup;
			children = (
				2DA3D5D51580962400B07E76 /* HttpRequest */,
				2DA3D5DD1580962400B07E76 /* posixthread */,
			);
			path = ThreadCurl;
			sourceTree = "<group>";
		};
/* End PBXGroup section */

/* Begin PBXHeadersBuildPhase section */
		90ABF1C51574E721001F0F06 /* Headers */ = {
			isa = PBXHeadersBuildPhase;
			buildActionMask = 2147483647;
			files = (
				2DA3D5E11580962400B07E76 /* AsyncHttpRequest.h in Headers */,
				2DA3D5E21580962400B07E76 /* Common.h in Headers */,
				2DA3D5E31580962400B07E76 /* Mutex.h in Headers */,
				2DA3D5E41580962400B07E76 /* Thread.h in Headers */,
				2DA3D5ED1580966800B07E76 /* cJSON.h in Headers */,
				2DA3D5EF1580966800B07E76 /* md5.h in Headers */,
			);
			runOnlyForDeploymentPostprocessing = 0;
		};
/* End PBXHeadersBuildPhase section */

/* Begin PBXNativeTarget section */
		90ABF1C61574E721001F0F06 /* ThreadCurl */ = {
			isa = PBXNativeTarget;
			buildConfigurationList = 90ABF1EB1574E721001F0F06 /* Build configuration list for PBXNativeTarget "ThreadCurl" */;
			buildPhases = (
				90ABF1C31574E721001F0F06 /* Sources */,
				90ABF1C41574E721001F0F06 /* Frameworks */,
				90ABF1C51574E721001F0F06 /* Headers */,
			);
			buildRules = (
			);
			dependencies = (
			);
			name = ThreadCurl;
			productName = ThreadCurl;
			productReference = 90ABF1C71574E721001F0F06 /* libThreadCurl.a */;
			productType = "com.apple.product-type.library.static";
		};
/* End PBXNativeTarget section */

/* Begin PBXProject section */
		90ABF1BE1574E721001F0F06 /* Project object */ = {
			isa = PBXProject;
			attributes = {
				LastUpgradeCheck = 0430;
			};
			buildConfigurationList = 90ABF1C11574E721001F0F06 /* Build configuration list for PBXProject "ThreadCurl" */;
			compatibilityVersion = "Xcode 3.2";
			developmentRegion = English;
			hasScannedForEncodings = 0;
			knownRegions = (
				en,
			);
			mainGroup = 90ABF1BC1574E721001F0F06;
			productRefGroup = 90ABF1C81574E721001F0F06 /* Products */;
			projectDirPath = "";
			projectRoot = "";
			targets = (
				90ABF1C61574E721001F0F06 /* ThreadCurl */,
			);
		};
/* End PBXProject section */

/* Begin PBXSourcesBuildPhase section */
		90ABF1C31574E721001F0F06 /* Sources */ = {
			isa = PBXSourcesBuildPhase;
			buildActionMask = 2147483647;
			files = (
				2DA3D5E01580962400B07E76 /* AsyncHttpRequest.cpp in Sources */,
				2DA3D5E51580962400B07E76 /* Mutex.cpp in Sources */,
				2DA3D5E61580962400B07E76 /* Thread.cpp in Sources */,
				2DA3D5EC1580966800B07E76 /* cJSON.c in Sources */,
				2DA3D5EE1580966800B07E76 /* md5.cpp in Sources */,
			);
			runOnlyForDeploymentPostprocessing = 0;
		};
/* End PBXSourcesBuildPhase section */

/* Begin XCBuildConfiguration section */
		90ABF1E91574E721001F0F06 /* Debug */ = {
			isa = XCBuildConfiguration;
			buildSettings = {
				ALWAYS_SEARCH_USER_PATHS = NO;
				ARCHS = (
					armv6,
					armv7,
				);
				COPY_PHASE_STRIP = NO;
				GCC_C_LANGUAGE_STANDARD = gnu99;
				GCC_DYNAMIC_NO_PIC = NO;
				GCC_OPTIMIZATION_LEVEL = 0;
				GCC_PREPROCESSOR_DEFINITIONS = (
					"DEBUG=1",
					"$(inherited)",
				);
				GCC_SYMBOLS_PRIVATE_EXTERN = NO;
				GCC_VERSION = com.apple.compilers.llvm.clang.1_0;
				GCC_WARN_ABOUT_RETURN_TYPE = YES;
				GCC_WARN_UNINITIALIZED_AUTOS = YES;
				GCC_WARN_UNUSED_VARIABLE = YES;
				IPHONEOS_DEPLOYMENT_TARGET = 5.1;
				SDKROOT = iphoneos;
			};
			name = Debug;
		};
		90ABF1EA1574E721001F0F06 /* Release */ = {
			isa = XCBuildConfiguration;
			buildSettings = {
				ALWAYS_SEARCH_USER_PATHS = NO;
				ARCHS = (
					armv6,
					armv7,
				);
				COPY_PHASE_STRIP = YES;
				GCC_C_LANGUAGE_STANDARD = gnu99;
				GCC_VERSION = com.apple.compilers.llvm.clang.1_0;
				GCC_WARN_ABOUT_RETURN_TYPE = YES;
				GCC_WARN_UNINITIALIZED_AUTOS = YES;
				GCC_WARN_UNUSED_VARIABLE = YES;
				IPHONEOS_DEPLOYMENT_TARGET = 5.1;
				SDKROOT = iphoneos;
				VALIDATE_PRODUCT = YES;
			};
			name = Release;
		};
		90ABF1EC1574E721001F0F06 /* Debug */ = {
			isa = XCBuildConfiguration;
			buildSettings = {
				ARCHS = (
					armv6,
					armv7,
				);
				DSTROOT = /tmp/ThreadCurl.dst;
				GCC_PRECOMPILE_PREFIX_HEADER = NO;
				HEADER_SEARCH_PATHS = "${SRCROOT}/support";
				LIBRARY_SEARCH_PATHS = (
					"$(inherited)",
					"\"$(SRCROOT)\"",
					"${SRCROOT}/support",
				);
				OTHER_LDFLAGS = "-ObjC";
				PRODUCT_NAME = "$(TARGET_NAME)";
				SKIP_INSTALL = YES;
			};
			name = Debug;
		};
		90ABF1ED1574E721001F0F06 /* Release */ = {
			isa = XCBuildConfiguration;
			buildSettings = {
				ARCHS = (
					armv6,
					armv7,
				);
				DSTROOT = /tmp/ThreadCurl.dst;
				GCC_PRECOMPILE_PREFIX_HEADER = NO;
				HEADER_SEARCH_PATHS = "${SRCROOT}/support";
				LIBRARY_SEARCH_PATHS = (
					"$(inherited)",
					"\"$(SRCROOT)\"",
					"${SRCROOT}/support",
				);
				OTHER_LDFLAGS = "-ObjC";
				PRODUCT_NAME = "$(TARGET_NAME)";
				SKIP_INSTALL = YES;
			};
			name = Release;
		};
/* End XCBuildConfiguration section */

/* Begin XCConfigurationList section */
		90ABF1C11574E721001F0F06 /* Build configuration list for PBXProject "ThreadCurl" */ = {
			isa = XCConfigurationList;
			buildConfigurations = (
				90ABF1E91574E721001F0F06 /* Debug */,
				90ABF1EA1574E721001F0F06 /* Release */,
			);
			defaultConfigurationIsVisible = 0;
			defaultConfigurationName = Release;
		};
		90ABF1EB1574E721001F0F06 /* Build configuration list for PBXNativeTarget "ThreadCurl" */ = {
			isa = XCConfigurationList;
			buildConfigurations = (
				90ABF1EC1574E721001F0F06 /* Debug */,
				90ABF1ED1574E721001F0F06 /* Release */,
			);
			defaultConfigurationIsVisible = 0;
			defaultConfigurationName = Release;
		};
/* End XCConfigurationList section */
	};
	rootObject = 90ABF1BE1574E721001F0F06 /* Project object */;
}
