// !$*UTF8*$!
{
	archiveVersion = 1;
	classes = {
	};
	objectVersion = 46;
	objects = {

/* Begin PBXBuildFile section */
		2D27D7B91563B0E000233446 /* libcurl.a in Frameworks */ = {isa = PBXBuildFile; fileRef = 2D27D7B71563B0E000233446 /* libcurl.a */; };
		2D27D7BA1563B0E000233446 /* libzlib.a in Frameworks */ = {isa = PBXBuildFile; fileRef = 2D27D7B81563B0E000233446 /* libzlib.a */; };
		2D27D7C71563B19100233446 /* Mutex.cpp in Sources */ = {isa = PBXBuildFile; fileRef = 2D27D7C01563B19100233446 /* Mutex.cpp */; };
		2D27D7C91563B19100233446 /* Thread.cpp in Sources */ = {isa = PBXBuildFile; fileRef = 2D27D7C21563B19100233446 /* Thread.cpp */; };
		2D27D7CE1563B37700233446 /* AsyncHttpRequest.cpp in Sources */ = {isa = PBXBuildFile; fileRef = 2D27D7CC1563B37700233446 /* AsyncHttpRequest.cpp */; };
		2D27D7DC1563B44B00233446 /* AsyncHttpRequest.h in Headers */ = {isa = PBXBuildFile; fileRef = 2D27D7D81563B44B00233446 /* AsyncHttpRequest.h */; };
		2D27D7DD1563B44B00233446 /* Common.h in Headers */ = {isa = PBXBuildFile; fileRef = 2D27D7D91563B44B00233446 /* Common.h */; };
		2D27D7DE1563B44B00233446 /* Mutex.h in Headers */ = {isa = PBXBuildFile; fileRef = 2D27D7DA1563B44B00233446 /* Mutex.h */; };
		2D27D7DF1563B44B00233446 /* Thread.h in Headers */ = {isa = PBXBuildFile; fileRef = 2D27D7DB1563B44B00233446 /* Thread.h */; };
		90935C721563A416003AD84F /* Foundation.framework in Frameworks */ = {isa = PBXBuildFile; fileRef = 90935C711563A416003AD84F /* Foundation.framework */; };
/* End PBXBuildFile section */

/* Begin PBXFileReference section */
		2D27D7B71563B0E000233446 /* libcurl.a */ = {isa = PBXFileReference; lastKnownFileType = archive.ar; name = libcurl.a; path = support/libcurl.a; sourceTree = "<group>"; };
		2D27D7B81563B0E000233446 /* libzlib.a */ = {isa = PBXFileReference; lastKnownFileType = archive.ar; name = libzlib.a; path = support/libzlib.a; sourceTree = "<group>"; };
		2D27D7C01563B19100233446 /* Mutex.cpp */ = {isa = PBXFileReference; fileEncoding = 4; lastKnownFileType = sourcecode.cpp.cpp; path = Mutex.cpp; sourceTree = "<group>"; };
		2D27D7C21563B19100233446 /* Thread.cpp */ = {isa = PBXFileReference; fileEncoding = 4; lastKnownFileType = sourcecode.cpp.cpp; path = Thread.cpp; sourceTree = "<group>"; };
		2D27D7CC1563B37700233446 /* AsyncHttpRequest.cpp */ = {isa = PBXFileReference; fileEncoding = 4; lastKnownFileType = sourcecode.cpp.cpp; path = AsyncHttpRequest.cpp; sourceTree = "<group>"; };
		2D27D7D81563B44B00233446 /* AsyncHttpRequest.h */ = {isa = PBXFileReference; fileEncoding = 4; lastKnownFileType = sourcecode.c.h; name = AsyncHttpRequest.h; path = ThreadCurl/include/ThreadCurl/AsyncHttpRequest.h; sourceTree = SOURCE_ROOT; };
		2D27D7D91563B44B00233446 /* Common.h */ = {isa = PBXFileReference; fileEncoding = 4; lastKnownFileType = sourcecode.c.h; name = Common.h; path = ThreadCurl/include/ThreadCurl/Common.h; sourceTree = SOURCE_ROOT; };
		2D27D7DA1563B44B00233446 /* Mutex.h */ = {isa = PBXFileReference; fileEncoding = 4; lastKnownFileType = sourcecode.c.h; name = Mutex.h; path = ThreadCurl/include/ThreadCurl/Mutex.h; sourceTree = SOURCE_ROOT; };
		2D27D7DB1563B44B00233446 /* Thread.h */ = {isa = PBXFileReference; fileEncoding = 4; lastKnownFileType = sourcecode.c.h; name = Thread.h; path = ThreadCurl/include/ThreadCurl/Thread.h; sourceTree = SOURCE_ROOT; };
		90935C6E1563A416003AD84F /* libThreadCurl.a */ = {isa = PBXFileReference; explicitFileType = archive.ar; includeInIndex = 0; path = libThreadCurl.a; sourceTree = BUILT_PRODUCTS_DIR; };
		90935C711563A416003AD84F /* Foundation.framework */ = {isa = PBXFileReference; lastKnownFileType = wrapper.framework; name = Foundation.framework; path = System/Library/Frameworks/Foundation.framework; sourceTree = SDKROOT; };
		90935C7F1563A416003AD84F /* SenTestingKit.framework */ = {isa = PBXFileReference; lastKnownFileType = wrapper.framework; name = SenTestingKit.framework; path = Library/Frameworks/SenTestingKit.framework; sourceTree = DEVELOPER_DIR; };
		90935C811563A416003AD84F /* UIKit.framework */ = {isa = PBXFileReference; lastKnownFileType = wrapper.framework; name = UIKit.framework; path = Library/Frameworks/UIKit.framework; sourceTree = DEVELOPER_DIR; };
/* End PBXFileReference section */

/* Begin PBXFrameworksBuildPhase section */
		90935C6B1563A416003AD84F /* Frameworks */ = {
			isa = PBXFrameworksBuildPhase;
			buildActionMask = 2147483647;
			files = (
				90935C721563A416003AD84F /* Foundation.framework in Frameworks */,
				2D27D7B91563B0E000233446 /* libcurl.a in Frameworks */,
				2D27D7BA1563B0E000233446 /* libzlib.a in Frameworks */,
			);
			runOnlyForDeploymentPostprocessing = 0;
		};
/* End PBXFrameworksBuildPhase section */

/* Begin PBXGroup section */
		2D27D7BE1563B19100233446 /* posixthread */ = {
			isa = PBXGroup;
			children = (
				2D27D7D91563B44B00233446 /* Common.h */,
				2D27D7DA1563B44B00233446 /* Mutex.h */,
				2D27D7DB1563B44B00233446 /* Thread.h */,
				2D27D7C01563B19100233446 /* Mutex.cpp */,
				2D27D7C21563B19100233446 /* Thread.cpp */,
			);
			name = posixthread;
			path = ThreadCurl/posixthread;
			sourceTree = "<group>";
		};
		2D27D7CB1563B37700233446 /* HttpRequest */ = {
			isa = PBXGroup;
			children = (
				2D27D7D81563B44B00233446 /* AsyncHttpRequest.h */,
				2D27D7CC1563B37700233446 /* AsyncHttpRequest.cpp */,
			);
			name = HttpRequest;
			path = ThreadCurl/HttpRequest;
			sourceTree = "<group>";
		};
		90935C631563A416003AD84F = {
			isa = PBXGroup;
			children = (
				2D27D7CB1563B37700233446 /* HttpRequest */,
				2D27D7BE1563B19100233446 /* posixthread */,
				90935C701563A416003AD84F /* Frameworks */,
				90935C6F1563A416003AD84F /* Products */,
			);
			sourceTree = "<group>";
		};
		90935C6F1563A416003AD84F /* Products */ = {
			isa = PBXGroup;
			children = (
				90935C6E1563A416003AD84F /* libThreadCurl.a */,
			);
			name = Products;
			sourceTree = "<group>";
		};
		90935C701563A416003AD84F /* Frameworks */ = {
			isa = PBXGroup;
			children = (
				2D27D7B71563B0E000233446 /* libcurl.a */,
				2D27D7B81563B0E000233446 /* libzlib.a */,
				90935C711563A416003AD84F /* Foundation.framework */,
				90935C7F1563A416003AD84F /* SenTestingKit.framework */,
				90935C811563A416003AD84F /* UIKit.framework */,
			);
			name = Frameworks;
			sourceTree = "<group>";
		};
/* End PBXGroup section */

/* Begin PBXHeadersBuildPhase section */
		90935C6C1563A416003AD84F /* Headers */ = {
			isa = PBXHeadersBuildPhase;
			buildActionMask = 2147483647;
			files = (
				2D27D7DC1563B44B00233446 /* AsyncHttpRequest.h in Headers */,
				2D27D7DD1563B44B00233446 /* Common.h in Headers */,
				2D27D7DE1563B44B00233446 /* Mutex.h in Headers */,
				2D27D7DF1563B44B00233446 /* Thread.h in Headers */,
			);
			runOnlyForDeploymentPostprocessing = 0;
		};
/* End PBXHeadersBuildPhase section */

/* Begin PBXNativeTarget section */
		90935C6D1563A416003AD84F /* ThreadCurl */ = {
			isa = PBXNativeTarget;
			buildConfigurationList = 90935C921563A416003AD84F /* Build configuration list for PBXNativeTarget "ThreadCurl" */;
			buildPhases = (
				90935C6A1563A416003AD84F /* Sources */,
				90935C6B1563A416003AD84F /* Frameworks */,
				90935C6C1563A416003AD84F /* Headers */,
			);
			buildRules = (
			);
			dependencies = (
			);
			name = ThreadCurl;
			productName = AsyncHttpRequest;
			productReference = 90935C6E1563A416003AD84F /* libThreadCurl.a */;
			productType = "com.apple.product-type.library.static";
		};
/* End PBXNativeTarget section */

/* Begin PBXProject section */
		90935C651563A416003AD84F /* Project object */ = {
			isa = PBXProject;
			attributes = {
				LastUpgradeCheck = 0430;
			};
			buildConfigurationList = 90935C681563A416003AD84F /* Build configuration list for PBXProject "ThreadCurl" */;
			compatibilityVersion = "Xcode 3.2";
			developmentRegion = English;
			hasScannedForEncodings = 0;
			knownRegions = (
				en,
			);
			mainGroup = 90935C631563A416003AD84F;
			productRefGroup = 90935C6F1563A416003AD84F /* Products */;
			projectDirPath = "";
			projectRoot = "";
			targets = (
				90935C6D1563A416003AD84F /* ThreadCurl */,
			);
		};
/* End PBXProject section */

/* Begin PBXSourcesBuildPhase section */
		90935C6A1563A416003AD84F /* Sources */ = {
			isa = PBXSourcesBuildPhase;
			buildActionMask = 2147483647;
			files = (
				2D27D7C71563B19100233446 /* Mutex.cpp in Sources */,
				2D27D7C91563B19100233446 /* Thread.cpp in Sources */,
				2D27D7CE1563B37700233446 /* AsyncHttpRequest.cpp in Sources */,
			);
			runOnlyForDeploymentPostprocessing = 0;
		};
/* End PBXSourcesBuildPhase section */

/* Begin XCBuildConfiguration section */
		90935C901563A416003AD84F /* Debug */ = {
			isa = XCBuildConfiguration;
			buildSettings = {
				ALWAYS_SEARCH_USER_PATHS = NO;
				ARCHS = "$(ARCHS_STANDARD_32_BIT)";
				COPY_PHASE_STRIP = NO;
				GCC_C_LANGUAGE_STANDARD = gnu99;
				GCC_DYNAMIC_NO_PIC = NO;
				GCC_OPTIMIZATION_LEVEL = 0;
				GCC_PREPROCESSOR_DEFINITIONS = (
					"DEBUG=1",
					"$(inherited)",
				);
				GCC_SYMBOLS_PRIVATE_EXTERN = NO;
				GCC_VERSION = com.apple.compilers.llvm.clang.1_0;
				GCC_WARN_ABOUT_RETURN_TYPE = YES;
				GCC_WARN_UNINITIALIZED_AUTOS = YES;
				GCC_WARN_UNUSED_VARIABLE = YES;
				IPHONEOS_DEPLOYMENT_TARGET = 5.1;
				SDKROOT = iphoneos;
			};
			name = Debug;
		};
		90935C911563A416003AD84F /* Release */ = {
			isa = XCBuildConfiguration;
			buildSettings = {
				ALWAYS_SEARCH_USER_PATHS = NO;
				ARCHS = "$(ARCHS_STANDARD_32_BIT)";
				COPY_PHASE_STRIP = YES;
				GCC_C_LANGUAGE_STANDARD = gnu99;
				GCC_VERSION = com.apple.compilers.llvm.clang.1_0;
				GCC_WARN_ABOUT_RETURN_TYPE = YES;
				GCC_WARN_UNINITIALIZED_AUTOS = YES;
				GCC_WARN_UNUSED_VARIABLE = YES;
				IPHONEOS_DEPLOYMENT_TARGET = 5.1;
				SDKROOT = iphoneos;
				VALIDATE_PRODUCT = YES;
			};
			name = Release;
		};
		90935C931563A416003AD84F /* Debug */ = {
			isa = XCBuildConfiguration;
			buildSettings = {
				ARCHS = (
					"\barmv6",
					armv7,
					i386,
				);
				DSTROOT = /tmp/AsyncHttpRequest.dst;
				GCC_PRECOMPILE_PREFIX_HEADER = YES;
				HEADER_SEARCH_PATHS = "\"$(SRCROOT)/support/\"";
				LIBRARY_SEARCH_PATHS = (
					"$(inherited)",
					"\"$(SRCROOT)/support\"",
				);
				PRODUCT_NAME = ThreadCurl;
				SKIP_INSTALL = YES;
			};
			name = Debug;
		};
		90935C941563A416003AD84F /* Release */ = {
			isa = XCBuildConfiguration;
			buildSettings = {
				ARCHS = (
					"\barmv6",
					armv7,
					i386,
				);
				DSTROOT = /tmp/AsyncHttpRequest.dst;
				GCC_PRECOMPILE_PREFIX_HEADER = YES;
				HEADER_SEARCH_PATHS = "\"$(SRCROOT)/support/\"";
				LIBRARY_SEARCH_PATHS = (
					"$(inherited)",
					"\"$(SRCROOT)/support\"",
				);
				PRODUCT_NAME = ThreadCurl;
				SKIP_INSTALL = YES;
			};
			name = Release;
		};
/* End XCBuildConfiguration section */

/* Begin XCConfigurationList section */
		90935C681563A416003AD84F /* Build configuration list for PBXProject "ThreadCurl" */ = {
			isa = XCConfigurationList;
			buildConfigurations = (
				90935C901563A416003AD84F /* Debug */,
				90935C911563A416003AD84F /* Release */,
			);
			defaultConfigurationIsVisible = 0;
			defaultConfigurationName = Release;
		};
		90935C921563A416003AD84F /* Build configuration list for PBXNativeTarget "ThreadCurl" */ = {
			isa = XCConfigurationList;
			buildConfigurations = (
				90935C931563A416003AD84F /* Debug */,
				90935C941563A416003AD84F /* Release */,
			);
			defaultConfigurationIsVisible = 0;
			defaultConfigurationName = Release;
		};
/* End XCConfigurationList section */
	};
	rootObject = 90935C651563A416003AD84F /* Project object */;
}
